
Microsoft Visual Studio Solution File, Format Version 12.00
# Visual Studio 15
VisualStudioVersion = 15.0.27004.2008
MinimumVisualStudioVersion = 10.0.40219.1
Project("{8BC9CEB8-8B4A-11D0-8D11-00A0C91BC942}") = "Assignment 4 -- Rev 1", "Assignment 4 -- Rev 1\Assignment 4 -- Rev 1.vcxproj", "{49DFD421-D0DC-432A-A48E-22FB4F5DFFDB}"
EndProject
Global
	GlobalSection(SolutionConfigurationPlatforms) = preSolution
		Debug|x64 = Debug|x64
		Debug|x86 = Debug|x86
		Release|x64 = Release|x64
		Release|x86 = Release|x86
	EndGlobalSection
	GlobalSection(ProjectConfigurationPlatforms) = postSolution
		{49DFD421-D0DC-432A-A48E-22FB4F5DFFDB}.Debug|x64.ActiveCfg = Debug|x64
		{49DFD421-D0DC-432A-A48E-22FB4F5DFFDB}.Debug|x64.Build.0 = Debug|x64
		{49DFD421-D0DC-432A-A48E-22FB4F5DFFDB}.Debug|x86.ActiveCfg = Debug|Win32
		{49DFD421-D0DC-432A-A48E-22FB4F5DFFDB}.Debug|x86.Build.0 = Debug|Win32
		{49DFD421-D0DC-432A-A48E-22FB4F5DFFDB}.Release|x64.ActiveCfg = Release|x64
		{49DFD421-D0DC-432A-A48E-22FB4F5DFFDB}.Release|x64.Build.0 = Release|x64
		{49DFD421-D0DC-432A-A48E-22FB4F5DFFDB}.Release|x86.ActiveCfg = Release|Win32
		{49DFD421-D0DC-432A-A48E-22FB4F5DFFDB}.Release|x86.Build.0 = Release|Win32
	EndGlobalSection
	GlobalSection(SolutionProperties) = preSolution
		HideSolutionNode = FALSE
	EndGlobalSection
	GlobalSection(ExtensibilityGlobals) = postSolution
		SolutionGuid = {A5D710E8-CA2B-4659-AC43-AA09857FDA0F}
	EndGlobalSection
EndGlobal
